<?xml version="1.0" encoding="utf-8"?>
<Project ToolsVersion="4.0" xmlns="http://schemas.microsoft.com/developer/msbuild/2003">
  <ItemGroup>
    <Filter Include="Assets">
      <UniqueIdentifier>abf74c14-28d1-4207-a133-452818b38f9b</UniqueIdentifier>
      <Extensions>ico;cur;bmp;dds;dlg;fbx;rct;bin;rgs;gif;jpg;jpeg;jpe;resx;tga;tiff;tif;png;wav;mfcribbon-ms</Extensions>
    </Filter>
    <Filter Include="DirectXResourse">
      <UniqueIdentifier>{d6c7bf34-efa5-40a3-a2ac-bd8722c28d97}</UniqueIdentifier>
    </Filter>
    <Filter Include="DirectXResourse\Line">
      <UniqueIdentifier>{ceddb540-11a1-458a-84a4-f6aa83205420}</UniqueIdentifier>
    </Filter>
    <Filter Include="DirectXResourse\Obj3D">
      <UniqueIdentifier>{f1cdac1c-5231-49dd-9726-9a652888005c}</UniqueIdentifier>
    </Filter>
    <Filter Include="DirectXResourse\Line\Grid">
      <UniqueIdentifier>{84aee65d-70f6-472d-b91a-0c4f02dfd7bb}</UniqueIdentifier>
    </Filter>
    <Filter Include="DirectXResourse\Text">
      <UniqueIdentifier>{9e024978-a08a-4edb-b36f-2ed60dd1bc8a}</UniqueIdentifier>
    </Filter>
    <Filter Include="Scene">
      <UniqueIdentifier>{163e02cf-6598-4b69-bf37-a7cbaec0a59f}</UniqueIdentifier>
    </Filter>
    <Filter Include="Scene\Play">
      <UniqueIdentifier>{442fb721-53ee-4ae7-8bec-75fa7618c643}</UniqueIdentifier>
    </Filter>
    <Filter Include="MyMas">
      <UniqueIdentifier>{7cd43fe8-2603-4054-94a0-b4b959a2ff44}</UniqueIdentifier>
    </Filter>
    <Filter Include="Mouse">
      <UniqueIdentifier>{c5d756cc-08c4-4fba-ac9a-2ef337f40047}</UniqueIdentifier>
    </Filter>
    <Filter Include="MAP">
      <UniqueIdentifier>{0aed6882-02e0-4d6d-880b-a0bfde180e53}</UniqueIdentifier>
    </Filter>
    <Filter Include="Glound">
      <UniqueIdentifier>{f86fc729-d616-4a85-90cb-912b88f8b41e}</UniqueIdentifier>
    </Filter>
    <Filter Include="Player">
      <UniqueIdentifier>{430f56c3-20a6-48fe-b9c8-d8e20c8c0b94}</UniqueIdentifier>
    </Filter>
    <Filter Include="Player\ButtonComand">
      <UniqueIdentifier>{6e5a03a9-8b16-4342-88cd-b5925c1d8e26}</UniqueIdentifier>
    </Filter>
    <Filter Include="Player\ButtonComand\Comand">
      <UniqueIdentifier>{cb4e5d90-b4eb-47f8-a87d-afc2375cf284}</UniqueIdentifier>
    </Filter>
    <Filter Include="Dice">
      <UniqueIdentifier>{b70cc6ae-17e9-4aca-bcf0-7dc79732e192}</UniqueIdentifier>
    </Filter>
    <Filter Include="DirectXResourse\Texture">
      <UniqueIdentifier>{d8062542-8006-4b38-a141-75b0203f50d2}</UniqueIdentifier>
    </Filter>
    <Filter Include="Camera">
      <UniqueIdentifier>{3ff4f98e-697d-4da0-8e23-8a460c891ffd}</UniqueIdentifier>
    </Filter>
    <Filter Include="Camera\DebugCamera">
      <UniqueIdentifier>{c88777be-1436-46bf-80a2-2c45888d26d8}</UniqueIdentifier>
    </Filter>
    <Filter Include="Flag">
      <UniqueIdentifier>{a75d571d-8fe4-4d60-bbeb-24b9f9291156}</UniqueIdentifier>
    </Filter>
    <Filter Include="Constant">
      <UniqueIdentifier>{14954d2d-b007-4dbc-8a48-007c651ee39a}</UniqueIdentifier>
    </Filter>
    <Filter Include="Scene\Title">
      <UniqueIdentifier>{a92ddc5e-18a6-400b-80b8-915d56c66695}</UniqueIdentifier>
    </Filter>
    <Filter Include="Scene\Select">
      <UniqueIdentifier>{b9d58980-31c2-4549-9497-e209f2791f12}</UniqueIdentifier>
    </Filter>
    <Filter Include="Scene\Result">
      <UniqueIdentifier>{aab06bec-6dd1-4d7b-a1ef-5482a1e0997c}</UniqueIdentifier>
    </Filter>
    <Filter Include="KeyboradUtil">
      <UniqueIdentifier>{6064cd55-4fda-4238-b661-9f4f3dd3a243}</UniqueIdentifier>
    </Filter>
    <Filter Include="Terrain">
      <UniqueIdentifier>{6733242e-fe8b-4132-90b1-1017241a89ce}</UniqueIdentifier>
    </Filter>
    <Filter Include="Terrain\Mountain">
      <UniqueIdentifier>{9f910086-c337-440b-a104-cd9e8c8e5bf3}</UniqueIdentifier>
    </Filter>
    <Filter Include="Framework">
      <UniqueIdentifier>{3d7eca03-dfa9-4756-81b1-99f4c18d0edf}</UniqueIdentifier>
    </Filter>
  </ItemGroup>
  <ItemGroup>
    <ClInclude Include="pch.h" />
    <ClInclude Include="StepTimer.h" />
    <ClInclude Include="DirectXResourse\DirectXResourse.h">
      <Filter>DirectXResourse</Filter>
    </ClInclude>
    <ClInclude Include="DirectXResourse\Obj3D\Obj3D.h">
      <Filter>DirectXResourse\Obj3D</Filter>
    </ClInclude>
    <ClInclude Include="DirectXResourse\Line\Line.h">
      <Filter>DirectXResourse\Line</Filter>
    </ClInclude>
    <ClInclude Include="DirectXResourse\Line\Grid\Grid.h">
      <Filter>DirectXResourse\Line\Grid</Filter>
    </ClInclude>
    <ClInclude Include="DirectXResourse\Text\Text.h">
      <Filter>DirectXResourse\Text</Filter>
    </ClInclude>
    <ClInclude Include="Scene\Play\Play.h">
      <Filter>Scene\Play</Filter>
    </ClInclude>
    <ClInclude Include="MyMas\MyMas.h">
      <Filter>MyMas</Filter>
    </ClInclude>
    <ClInclude Include="Scene\Scene.h">
      <Filter>Scene</Filter>
    </ClInclude>
    <ClInclude Include="Mouse\Mouse.h">
      <Filter>Mouse</Filter>
    </ClInclude>
    <ClInclude Include="Scene\SceneManager.h">
      <Filter>Scene</Filter>
    </ClInclude>
    <ClInclude Include="MAP\MAP.h">
      <Filter>MAP</Filter>
    </ClInclude>
    <ClInclude Include="Glound\Glound.h">
      <Filter>Glound</Filter>
    </ClInclude>
    <ClInclude Include="Player\ButtonComand\Comand\Comand.h">
      <Filter>Player\ButtonComand\Comand</Filter>
    </ClInclude>
    <ClInclude Include="Player\ButtonComand\ButtonComand.h">
      <Filter>Player\ButtonComand</Filter>
    </ClInclude>
    <ClInclude Include="Dice\Dice.h">
      <Filter>Dice</Filter>
    </ClInclude>
    <ClInclude Include="Player\Player.h">
      <Filter>Player</Filter>
    </ClInclude>
    <ClInclude Include="DirectXResourse\Texture\Texture.h">
      <Filter>DirectXResourse\Texture</Filter>
    </ClInclude>
    <ClInclude Include="Camera\Camera.h">
      <Filter>Camera</Filter>
    </ClInclude>
    <ClInclude Include="Camera\DebugCamera\DebugCamera.h">
      <Filter>Camera\DebugCamera</Filter>
    </ClInclude>
    <ClInclude Include="Flag\Flag.h">
      <Filter>Flag</Filter>
    </ClInclude>
    <ClInclude Include="Constant\Constant.h">
      <Filter>Constant</Filter>
    </ClInclude>
    <ClInclude Include="Scene\Title\Title.h">
      <Filter>Scene\Title</Filter>
    </ClInclude>
    <ClInclude Include="Scene\Select\Select.h">
      <Filter>Scene\Select</Filter>
    </ClInclude>
    <ClInclude Include="Scene\Result\Result.h">
      <Filter>Scene\Result</Filter>
    </ClInclude>
    <ClInclude Include="KeyboradUtil\KeyboradUtil.h">
      <Filter>KeyboradUtil</Filter>
    </ClInclude>
    <ClInclude Include="Terrain\Terrain.h">
      <Filter>Terrain</Filter>
    </ClInclude>
    <ClInclude Include="Terrain\Mountain\Mountain.h">
      <Filter>Terrain\Mountain</Filter>
    </ClInclude>
    <ClInclude Include="Framework\MyGame.h">
      <Filter>Framework</Filter>
    </ClInclude>
    <ClInclude Include="Game.h">
      <Filter>Framework</Filter>
    </ClInclude>
  </ItemGroup>
  <ItemGroup>
    <ClCompile Include="pch.cpp" />
    <ClCompile Include="Main.cpp" />
    <ClCompile Include="DirectXResourse\DirectXResourse.cpp">
      <Filter>DirectXResourse</Filter>
    </ClCompile>
    <ClCompile Include="DirectXResourse\Obj3D\Obj3D.cpp">
      <Filter>DirectXResourse\Obj3D</Filter>
    </ClCompile>
    <ClCompile Include="DirectXResourse\Line\Line.cpp">
      <Filter>DirectXResourse\Line</Filter>
    </ClCompile>
    <ClCompile Include="DirectXResourse\Line\Grid\Grid.cpp">
      <Filter>DirectXResourse\Line\Grid</Filter>
    </ClCompile>
    <ClCompile Include="DirectXResourse\Text\Text.cpp">
      <Filter>DirectXResourse\Text</Filter>
    </ClCompile>
    <ClCompile Include="Scene\Play\Play.cpp">
      <Filter>Scene\Play</Filter>
    </ClCompile>
    <ClCompile Include="MyMas\MyMas.cpp">
      <Filter>MyMas</Filter>
    </ClCompile>
    <ClCompile Include="Scene\Scene.cpp">
      <Filter>Scene</Filter>
    </ClCompile>
    <ClCompile Include="Mouse\Mouse.cpp">
      <Filter>Mouse</Filter>
    </ClCompile>
    <ClCompile Include="Scene\SceneManager.cpp">
      <Filter>Scene</Filter>
    </ClCompile>
    <ClCompile Include="Glound\Glound.cpp">
      <Filter>Glound</Filter>
    </ClCompile>
    <ClCompile Include="Player\Player.cpp">
      <Filter>Player</Filter>
    </ClCompile>
    <ClCompile Include="Player\ButtonComand\ButtonComand.cpp">
      <Filter>Player\ButtonComand</Filter>
    </ClCompile>
    <ClCompile Include="Dice\Dice.cpp">
      <Filter>Dice</Filter>
    </ClCompile>
    <ClCompile Include="DirectXResourse\Texture\Textuer.cpp">
      <Filter>DirectXResourse\Texture</Filter>
    </ClCompile>
    <ClCompile Include="Camera\Camera.cpp">
      <Filter>Camera</Filter>
    </ClCompile>
    <ClCompile Include="Camera\DebugCamera\DebugCamera.cpp">
      <Filter>Camera\DebugCamera</Filter>
    </ClCompile>
    <ClCompile Include="Flag\Flag.cpp">
      <Filter>Flag</Filter>
    </ClCompile>
    <ClCompile Include="Scene\Title\Title.cpp">
      <Filter>Scene\Title</Filter>
    </ClCompile>
    <ClCompile Include="Scene\Select\Select.cpp">
      <Filter>Scene\Select</Filter>
    </ClCompile>
    <ClCompile Include="Scene\Result\Result.cpp">
      <Filter>Scene\Result</Filter>
    </ClCompile>
    <ClCompile Include="KeyboradUtil\KeyboradUtil.cpp">
      <Filter>KeyboradUtil</Filter>
    </ClCompile>
    <ClCompile Include="MAP\MAP.cpp">
      <Filter>MAP</Filter>
    </ClCompile>
    <ClCompile Include="Terrain\Terrain.cpp">
      <Filter>Terrain</Filter>
    </ClCompile>
    <ClCompile Include="Terrain\Mountain\Mountain.cpp">
      <Filter>Terrain\Mountain</Filter>
    </ClCompile>
    <ClCompile Include="Game.cpp">
      <Filter>Framework</Filter>
    </ClCompile>
    <ClCompile Include="Framework\MyGame.cpp">
      <Filter>Framework</Filter>
    </ClCompile>
  </ItemGroup>
  <ItemGroup>
    <ResourceCompile Include="resource.rc" />
  </ItemGroup>
  <ItemGroup>
    <Image Include="directx.ico">
      <Filter>Assets</Filter>
    </Image>
  </ItemGroup>
  <ItemGroup>
    <Manifest Include="settings.manifest">
      <Filter>Assets</Filter>
    </Manifest>
  </ItemGroup>
  <ItemGroup>
    <MeshContentTask Include="Assets\Ground.FBX">
      <Filter>Assets</Filter>
    </MeshContentTask>
    <MeshContentTask Include="Assets\Mount1.FBX">
      <Filter>Assets</Filter>
    </MeshContentTask>
    <MeshContentTask Include="Assets\Mount2.FBX">
      <Filter>Assets</Filter>
    </MeshContentTask>
    <MeshContentTask Include="Assets\PoisonSwamp.FBX">
      <Filter>Assets</Filter>
    </MeshContentTask>
    <MeshContentTask Include="Assets\Pond.FBX">
      <Filter>Assets</Filter>
    </MeshContentTask>
    <MeshContentTask Include="Assets\Player.FBX">
      <Filter>Assets</Filter>
    </MeshContentTask>
    <MeshContentTask Include="Assets\Player4.FBX">
      <Filter>Assets</Filter>
    </MeshContentTask>
    <MeshContentTask Include="Assets\Player2.FBX">
      <Filter>Assets</Filter>
    </MeshContentTask>
    <MeshContentTask Include="Assets\Player3.FBX">
      <Filter>Assets</Filter>
    </MeshContentTask>
    <MeshContentTask Include="Assets\GreenFlag.FBX">
      <Filter>Assets</Filter>
    </MeshContentTask>
    <MeshContentTask Include="Assets\RedFlag.FBX">
      <Filter>Assets</Filter>
    </MeshContentTask>
    <MeshContentTask Include="Assets\YellowFlag.FBX">
      <Filter>Assets</Filter>
    </MeshContentTask>
    <MeshContentTask Include="Assets\BlueFlag.FBX">
      <Filter>Assets</Filter>
    </MeshContentTask>
  </ItemGroup>
</Project>